
Microsoft Visual Studio Solution File, Format Version 12.00
# Visual Studio Version 16
VisualStudioVersion = 16.0.30621.155
MinimumVisualStudioVersion = 10.0.40219.1
Project("{FAE04EC0-301F-11D3-BF4B-00C04F79EFBC}") = "UrlShorter", "UrlShorter.csproj", "{CA2C04D1-396E-4C68-AE36-5A52F98FE072}"
EndProject
Global
	GlobalSection(SolutionConfigurationPlatforms) = preSolution
		Debug|Any CPU = Debug|Any CPU
		Release|Any CPU = Release|Any CPU
	EndGlobalSection
	GlobalSection(ProjectConfigurationPlatforms) = postSolution
		{CA2C04D1-396E-4C68-AE36-5A52F98FE072}.Debug|Any CPU.ActiveCfg = Debug|Any CPU
		{CA2C04D1-396E-4C68-AE36-5A52F98FE072}.Debug|Any CPU.Build.0 = Debug|Any CPU
		{CA2C04D1-396E-4C68-AE36-5A52F98FE072}.Release|Any CPU.ActiveCfg = Release|Any CPU
		{CA2C04D1-396E-4C68-AE36-5A52F98FE072}.Release|Any CPU.Build.0 = Release|Any CPU
	EndGlobalSection
	GlobalSection(SolutionProperties) = preSolution
		HideSolutionNode = FALSE
	EndGlobalSection
	GlobalSection(ExtensibilityGlobals) = postSolution
		SolutionGuid = {105473FB-607D-415F-A734-53481DEA0F2B}
	EndGlobalSection
EndGlobal
